
Microsoft Visual Studio Solution File, Format Version 12.00
# Visual Studio Version 17
VisualStudioVersion = 17.4.33110.190
MinimumVisualStudioVersion = 10.0.40219.1
Project("{9A19103F-16F7-4668-BE54-9A1E7A4F7556}") = "RestSharp_Demo_Projects", "RestSharp_Demo_Projects\RestSharp_Demo_Projects.csproj", "{D2A3AB16-860A-43A1-BC98-28213561D2C4}"
EndProject
Project("{9A19103F-16F7-4668-BE54-9A1E7A4F7556}") = "GitHub_API_Testing", "GitHub_API_Testing\GitHub_API_Testing.csproj", "{DBB22E7D-AA50-46A1-83C3-35EF947BDEEF}"
EndProject
Project("{FAE04EC0-301F-11D3-BF4B-00C04F79EFBC}") = "FRT_Personio_API_Testing", "Personio_API_Testing\FRT_Personio_API_Testing.csproj", "{9B795D11-5DD0-4801-8C6F-31196868AEC0}"
EndProject
Global
	GlobalSection(SolutionConfigurationPlatforms) = preSolution
		Debug|Any CPU = Debug|Any CPU
		Release|Any CPU = Release|Any CPU
	EndGlobalSection
	GlobalSection(ProjectConfigurationPlatforms) = postSolution
		{D2A3AB16-860A-43A1-BC98-28213561D2C4}.Debug|Any CPU.ActiveCfg = Debug|Any CPU
		{D2A3AB16-860A-43A1-BC98-28213561D2C4}.Debug|Any CPU.Build.0 = Debug|Any CPU
		{D2A3AB16-860A-43A1-BC98-28213561D2C4}.Release|Any CPU.ActiveCfg = Release|Any CPU
		{D2A3AB16-860A-43A1-BC98-28213561D2C4}.Release|Any CPU.Build.0 = Release|Any CPU
		{DBB22E7D-AA50-46A1-83C3-35EF947BDEEF}.Debug|Any CPU.ActiveCfg = Debug|Any CPU
		{DBB22E7D-AA50-46A1-83C3-35EF947BDEEF}.Debug|Any CPU.Build.0 = Debug|Any CPU
		{DBB22E7D-AA50-46A1-83C3-35EF947BDEEF}.Release|Any CPU.ActiveCfg = Release|Any CPU
		{DBB22E7D-AA50-46A1-83C3-35EF947BDEEF}.Release|Any CPU.Build.0 = Release|Any CPU
		{9B795D11-5DD0-4801-8C6F-31196868AEC0}.Debug|Any CPU.ActiveCfg = Debug|Any CPU
		{9B795D11-5DD0-4801-8C6F-31196868AEC0}.Debug|Any CPU.Build.0 = Debug|Any CPU
		{9B795D11-5DD0-4801-8C6F-31196868AEC0}.Release|Any CPU.ActiveCfg = Release|Any CPU
		{9B795D11-5DD0-4801-8C6F-31196868AEC0}.Release|Any CPU.Build.0 = Release|Any CPU
	EndGlobalSection
	GlobalSection(SolutionProperties) = preSolution
		HideSolutionNode = FALSE
	EndGlobalSection
	GlobalSection(ExtensibilityGlobals) = postSolution
		SolutionGuid = {C1307B03-13B6-4AF2-B4A3-F7D24371F67E}
	EndGlobalSection
EndGlobal
